
Microsoft Visual Studio Solution File, Format Version 12.00
# Visual Studio 15
VisualStudioVersion = 15.0.28307.168
MinimumVisualStudioVersion = 10.0.40219.1
Project("{FAE04EC0-301F-11D3-BF4B-00C04F79EFBC}") = "StockApp", "StockApp\StockApp.csproj", "{99C66EA0-0C80-4EA3-8708-E6A797A5995C}"
EndProject
Global
	GlobalSection(SolutionConfigurationPlatforms) = preSolution
		Debug|Any CPU = Debug|Any CPU
		Release|Any CPU = Release|Any CPU
	EndGlobalSection
	GlobalSection(ProjectConfigurationPlatforms) = postSolution
		{99C66EA0-0C80-4EA3-8708-E6A797A5995C}.Debug|Any CPU.ActiveCfg = Debug|Any CPU
		{99C66EA0-0C80-4EA3-8708-E6A797A5995C}.Debug|Any CPU.Build.0 = Debug|Any CPU
		{99C66EA0-0C80-4EA3-8708-E6A797A5995C}.Release|Any CPU.ActiveCfg = Release|Any CPU
		{99C66EA0-0C80-4EA3-8708-E6A797A5995C}.Release|Any CPU.Build.0 = Release|Any CPU
	EndGlobalSection
	GlobalSection(SolutionProperties) = preSolution
		HideSolutionNode = FALSE
	EndGlobalSection
	GlobalSection(ExtensibilityGlobals) = postSolution
		SolutionGuid = {E8983868-0270-41CD-853A-F5221EC99812}
	EndGlobalSection
EndGlobal
